// !$*UTF8*$!
{
	archiveVersion = 1;
	classes = {
	};
	objectVersion = 46;
	objects = {

/* Begin PBXBuildFile section */
		2CAE25241C79EE8C00D268D9 /* MWFineLine.h in Sources */ = {isa = PBXBuildFile; fileRef = 2CAE25231C79EE8C00D268D9 /* MWFineLine.h */; settings = {ATTRIBUTES = (Public, ); }; };
		2CAE252B1C79EE8D00D268D9 /* MWFineLine.framework in Frameworks */ = {isa = PBXBuildFile; fileRef = 2CAE25201C79EE8C00D268D9 /* MWFineLine.framework */; };
		2CAE25301C79EE8D00D268D9 /* MWFineLineTests.swift in Sources */ = {isa = PBXBuildFile; fileRef = 2CAE252F1C79EE8D00D268D9 /* MWFineLineTests.swift */; };
/* End PBXBuildFile section */

/* Begin PBXContainerItemProxy section */
		2CAE252C1C79EE8D00D268D9 /* PBXContainerItemProxy */ = {
			isa = PBXContainerItemProxy;
			containerPortal = 2CAE25171C79EE8C00D268D9 /* Project object */;
			proxyType = 1;
			remoteGlobalIDString = 2CAE251F1C79EE8C00D268D9;
			remoteInfo = MWFineLine;
		};
/* End PBXContainerItemProxy section */

/* Begin PBXFileReference section */
		2CAE25201C79EE8C00D268D9 /* MWFineLine.framework */ = {isa = PBXFileReference; explicitFileType = wrapper.framework; includeInIndex = 0; path = MWFineLine.framework; sourceTree = BUILT_PRODUCTS_DIR; };
		2CAE25231C79EE8C00D268D9 /* MWFineLine.h */ = {isa = PBXFileReference; lastKnownFileType = sourcecode.objj.h; path = MWFineLine.h; sourceTree = "<group>"; };
		2CAE25251C79EE8C00D268D9 /* Info.plist */ = {isa = PBXFileReference; lastKnownFileType = text.plist.xml; path = Info.plist; sourceTree = "<group>"; };
		2CAE252A1C79EE8D00D268D9 /* MWFineLineTests.xctest */ = {isa = PBXFileReference; explicitFileType = wrapper.cfbundle; includeInIndex = 0; path = MWFineLineTests.xctest; sourceTree = BUILT_PRODUCTS_DIR; };
		2CAE252F1C79EE8D00D268D9 /* MWFineLineTests.swift */ = {isa = PBXFileReference; lastKnownFileType = sourcecode.swift; path = MWFineLineTests.swift; sourceTree = "<group>"; };
		2CAE25311C79EE8D00D268D9 /* Info.plist */ = {isa = PBXFileReference; lastKnownFileType = text.plist.xml; path = Info.plist; sourceTree = "<group>"; };
/* End PBXFileReference section */

/* Begin PBXFrameworksBuildPhase section */
		2CAE251C1C79EE8C00D268D9 /* Frameworks */ = {
			isa = PBXFrameworksBuildPhase;
			buildActionMask = 2147483647;
			files = (
			);
			runOnlyForDeploymentPostprocessing = 0;
		};
		2CAE25271C79EE8D00D268D9 /* Frameworks */ = {
			isa = PBXFrameworksBuildPhase;
			buildActionMask = 2147483647;
			files = (
				2CAE252B1C79EE8D00D268D9 /* MWFineLine.framework in Frameworks */,
			);
			runOnlyForDeploymentPostprocessing = 0;
		};
/* End PBXFrameworksBuildPhase section */

/* Begin PBXGroup section */
		2CAE25161C79EE8C00D268D9 = {
			isa = PBXGroup;
			children = (
				2CAE25221C79EE8C00D268D9 /* MWFineLine */,
				2CAE252E1C79EE8D00D268D9 /* MWFineLineTests */,
				2CAE25211C79EE8C00D268D9 /* Products */,
			);
			sourceTree = "<group>";
		};
		2CAE25211C79EE8C00D268D9 /* Products */ = {
			isa = PBXGroup;
			children = (
				2CAE25201C79EE8C00D268D9 /* MWFineLine.framework */,
				2CAE252A1C79EE8D00D268D9 /* MWFineLineTests.xctest */,
			);
			name = Products;
			sourceTree = "<group>";
		};
		2CAE25221C79EE8C00D268D9 /* MWFineLine */ = {
			isa = PBXGroup;
			children = (
				2CAE25231C79EE8C00D268D9 /* MWFineLine.h */,
				2CAE25251C79EE8C00D268D9 /* Info.plist */,
			);
			path = MWFineLine;
			sourceTree = "<group>";
		};
		2CAE252E1C79EE8D00D268D9 /* MWFineLineTests */ = {
			isa = PBXGroup;
			children = (
				2CAE252F1C79EE8D00D268D9 /* MWFineLineTests.swift */,
				2CAE25311C79EE8D00D268D9 /* Info.plist */,
			);
			path = MWFineLineTests;
			sourceTree = "<group>";
		};
/* End PBXGroup section */

/* Begin PBXHeadersBuildPhase section */
		2CAE251D1C79EE8C00D268D9 /* Headers */ = {
			isa = PBXHeadersBuildPhase;
			buildActionMask = 2147483647;
			files = (
			);
			runOnlyForDeploymentPostprocessing = 0;
		};
/* End PBXHeadersBuildPhase section */

/* Begin PBXNativeTarget section */
		2CAE251F1C79EE8C00D268D9 /* MWFineLine */ = {
			isa = PBXNativeTarget;
			buildConfigurationList = 2CAE25341C79EE8D00D268D9 /* Build configuration list for PBXNativeTarget "MWFineLine" */;
			buildPhases = (
				2CAE251B1C79EE8C00D268D9 /* Sources */,
				2CAE251C1C79EE8C00D268D9 /* Frameworks */,
				2CAE251D1C79EE8C00D268D9 /* Headers */,
				2CAE251E1C79EE8C00D268D9 /* Resources */,
			);
			buildRules = (
			);
			dependencies = (
			);
			name = MWFineLine;
			productName = MWFineLine;
			productReference = 2CAE25201C79EE8C00D268D9 /* MWFineLine.framework */;
			productType = "com.apple.product-type.framework";
		};
		2CAE25291C79EE8D00D268D9 /* MWFineLineTests */ = {
			isa = PBXNativeTarget;
			buildConfigurationList = 2CAE25371C79EE8D00D268D9 /* Build configuration list for PBXNativeTarget "MWFineLineTests" */;
			buildPhases = (
				2CAE25261C79EE8D00D268D9 /* Sources */,
				2CAE25271C79EE8D00D268D9 /* Frameworks */,
				2CAE25281C79EE8D00D268D9 /* Resources */,
			);
			buildRules = (
			);
			dependencies = (
				2CAE252D1C79EE8D00D268D9 /* PBXTargetDependency */,
			);
			name = MWFineLineTests;
			productName = MWFineLineTests;
			productReference = 2CAE252A1C79EE8D00D268D9 /* MWFineLineTests.xctest */;
			productType = "com.apple.product-type.bundle.unit-test";
		};
/* End PBXNativeTarget section */

/* Begin PBXProject section */
		2CAE25171C79EE8C00D268D9 /* Project object */ = {
			isa = PBXProject;
			attributes = {
				LastSwiftUpdateCheck = 0720;
				LastUpgradeCheck = 0720;
				ORGANIZATIONNAME = "Mark Woollard";
				TargetAttributes = {
					2CAE251F1C79EE8C00D268D9 = {
						CreatedOnToolsVersion = 7.2;
					};
					2CAE25291C79EE8D00D268D9 = {
						CreatedOnToolsVersion = 7.2;
					};
				};
			};
			buildConfigurationList = 2CAE251A1C79EE8C00D268D9 /* Build configuration list for PBXProject "MWFineLine" */;
			compatibilityVersion = "Xcode 3.2";
			developmentRegion = English;
			hasScannedForEncodings = 0;
			knownRegions = (
				en,
			);
			mainGroup = 2CAE25161C79EE8C00D268D9;
			productRefGroup = 2CAE25211C79EE8C00D268D9 /* Products */;
			projectDirPath = "";
			projectRoot = "";
			targets = (
				2CAE251F1C79EE8C00D268D9 /* MWFineLine */,
				2CAE25291C79EE8D00D268D9 /* MWFineLineTests */,
			);
		};
/* End PBXProject section */

/* Begin PBXResourcesBuildPhase section */
		2CAE251E1C79EE8C00D268D9 /* Resources */ = {
			isa = PBXResourcesBuildPhase;
			buildActionMask = 2147483647;
			files = (
			);
			runOnlyForDeploymentPostprocessing = 0;
		};
		2CAE25281C79EE8D00D268D9 /* Resources */ = {
			isa = PBXResourcesBuildPhase;
			buildActionMask = 2147483647;
			files = (
			);
			runOnlyForDeploymentPostprocessing = 0;
		};
/* End PBXResourcesBuildPhase section */

/* Begin PBXSourcesBuildPhase section */
		2CAE251B1C79EE8C00D268D9 /* Sources */ = {
			isa = PBXSourcesBuildPhase;
			buildActionMask = 2147483647;
			files = (
				2CAE25241C79EE8C00D268D9 /* MWFineLine.h in Sources */,
			);
			runOnlyForDeploymentPostprocessing = 0;
		};
		2CAE25261C79EE8D00D268D9 /* Sources */ = {
			isa = PBXSourcesBuildPhase;
			buildActionMask = 2147483647;
			files = (
				2CAE25301C79EE8D00D268D9 /* MWFineLineTests.swift in Sources */,
			);
			runOnlyForDeploymentPostprocessing = 0;
		};
/* End PBXSourcesBuildPhase section */

/* Begin PBXTargetDependency section */
		2CAE252D1C79EE8D00D268D9 /* PBXTargetDependency */ = {
			isa = PBXTargetDependency;
			target = 2CAE251F1C79EE8C00D268D9 /* MWFineLine */;
			targetProxy = 2CAE252C1C79EE8D00D268D9 /* PBXContainerItemProxy */;
		};
/* End PBXTargetDependency section */

/* Begin XCBuildConfiguration section */
		2CAE25321C79EE8D00D268D9 /* Debug */ = {
			isa = XCBuildConfiguration;
			buildSettings = {
				ALWAYS_SEARCH_USER_PATHS = NO;
				CLANG_CXX_LANGUAGE_STANDARD = "gnu++0x";
				CLANG_CXX_LIBRARY = "libc++";
				CLANG_ENABLE_MODULES = YES;
				CLANG_ENABLE_OBJC_ARC = YES;
				CLANG_WARN_BOOL_CONVERSION = YES;
				CLANG_WARN_CONSTANT_CONVERSION = YES;
				CLANG_WARN_DIRECT_OBJC_ISA_USAGE = YES_ERROR;
				CLANG_WARN_EMPTY_BODY = YES;
				CLANG_WARN_ENUM_CONVERSION = YES;
				CLANG_WARN_INT_CONVERSION = YES;
				CLANG_WARN_OBJC_ROOT_CLASS = YES_ERROR;
				CLANG_WARN_UNREACHABLE_CODE = YES;
				CLANG_WARN__DUPLICATE_METHOD_MATCH = YES;
				"CODE_SIGN_IDENTITY[sdk=iphoneos*]" = "iPhone Developer";
				COPY_PHASE_STRIP = NO;
				CURRENT_PROJECT_VERSION = 1;
				DEBUG_INFORMATION_FORMAT = dwarf;
				ENABLE_STRICT_OBJC_MSGSEND = YES;
				ENABLE_TESTABILITY = YES;
				GCC_C_LANGUAGE_STANDARD = gnu99;
				GCC_DYNAMIC_NO_PIC = NO;
				GCC_NO_COMMON_BLOCKS = YES;
				GCC_OPTIMIZATION_LEVEL = 0;
				GCC_PREPROCESSOR_DEFINITIONS = (
					"DEBUG=1",
					"$(inherited)",
				);
				GCC_WARN_64_TO_32_BIT_CONVERSION = YES;
				GCC_WARN_ABOUT_RETURN_TYPE = YES_ERROR;
				GCC_WARN_UNDECLARED_SELECTOR = YES;
				GCC_WARN_UNINITIALIZED_AUTOS = YES_AGGRESSIVE;
				GCC_WARN_UNUSED_FUNCTION = YES;
				GCC_WARN_UNUSED_VARIABLE = YES;
				IPHONEOS_DEPLOYMENT_TARGET = 9.2;
				MTL_ENABLE_DEBUG_INFO = YES;
				ONLY_ACTIVE_ARCH = YES;
				SDKROOT = iphoneos;
				SWIFT_OPTIMIZATION_LEVEL = "-Onone";
				TARGETED_DEVICE_FAMILY = "1,2";
				VERSIONING_SYSTEM = "apple-generic";
				VERSION_INFO_PREFIX = "";
			};
			name = Debug;
		};
		2CAE25331C79EE8D00D268D9 /* Release */ = {
			isa = XCBuildConfiguration;
			buildSettings = {
				ALWAYS_SEARCH_USER_PATHS = NO;
				CLANG_CXX_LANGUAGE_STANDARD = "gnu++0x";
				CLANG_CXX_LIBRARY = "libc++";
				CLANG_ENABLE_MODULES = YES;
				CLANG_ENABLE_OBJC_ARC = YES;
				CLANG_WARN_BOOL_CONVERSION = YES;
				CLANG_WARN_CONSTANT_CONVERSION = YES;
				CLANG_WARN_DIRECT_OBJC_ISA_USAGE = YES_ERROR;
				CLANG_WARN_EMPTY_BODY = YES;
				CLANG_WARN_ENUM_CONVERSION = YES;
				CLANG_WARN_INT_CONVERSION = YES;
				CLANG_WARN_OBJC_ROOT_CLASS = YES_ERROR;
				CLANG_WARN_UNREACHABLE_CODE = YES;
				CLANG_WARN__DUPLICATE_METHOD_MATCH = YES;
				"CODE_SIGN_IDENTITY[sdk=iphoneos*]" = "iPhone Developer";
				COPY_PHASE_STRIP = NO;
				CURRENT_PROJECT_VERSION = 1;
				DEBUG_INFORMATION_FORMAT = "dwarf-with-dsym";
				ENABLE_NS_ASSERTIONS = NO;
				ENABLE_STRICT_OBJC_MSGSEND = YES;
				GCC_C_LANGUAGE_STANDARD = gnu99;
				GCC_NO_COMMON_BLOCKS = YES;
				GCC_WARN_64_TO_32_BIT_CONVERSION = YES;
				GCC_WARN_ABOUT_RETURN_TYPE = YES_ERROR;
				GCC_WARN_UNDECLARED_SELECTOR = YES;
				GCC_WARN_UNINITIALIZED_AUTOS = YES_AGGRESSIVE;
				GCC_WARN_UNUSED_FUNCTION = YES;
				GCC_WARN_UNUSED_VARIABLE = YES;
				IPHONEOS_DEPLOYMENT_TARGET = 9.2;
				MTL_ENABLE_DEBUG_INFO = NO;
				SDKROOT = iphoneos;
				TARGETED_DEVICE_FAMILY = "1,2";
				VALIDATE_PRODUCT = YES;
				VERSIONING_SYSTEM = "apple-generic";
				VERSION_INFO_PREFIX = "";
			};
			name = Release;
		};
		2CAE25351C79EE8D00D268D9 /* Debug */ = {
			isa = XCBuildConfiguration;
			buildSettings = {
				DEFINES_MODULE = YES;
				DYLIB_COMPATIBILITY_VERSION = 1;
				DYLIB_CURRENT_VERSION = 1;
				DYLIB_INSTALL_NAME_BASE = "@rpath";
				INFOPLIST_FILE = MWFineLine/Info.plist;
				INSTALL_PATH = "$(LOCAL_LIBRARY_DIR)/Frameworks";
				LD_RUNPATH_SEARCH_PATHS = "$(inherited) @executable_path/Frameworks @loader_path/Frameworks";
				PRODUCT_BUNDLE_IDENTIFIER = com.mwoollard.MWFineLine;
				PRODUCT_NAME = "$(TARGET_NAME)";
				SKIP_INSTALL = YES;
			};
			name = Debug;
		};
		2CAE25361C79EE8D00D268D9 /* Release */ = {
			isa = XCBuildConfiguration;
			buildSettings = {
				DEFINES_MODULE = YES;
				DYLIB_COMPATIBILITY_VERSION = 1;
				DYLIB_CURRENT_VERSION = 1;
				DYLIB_INSTALL_NAME_BASE = "@rpath";
				INFOPLIST_FILE = MWFineLine/Info.plist;
				INSTALL_PATH = "$(LOCAL_LIBRARY_DIR)/Frameworks";
				LD_RUNPATH_SEARCH_PATHS = "$(inherited) @executable_path/Frameworks @loader_path/Frameworks";
				PRODUCT_BUNDLE_IDENTIFIER = com.mwoollard.MWFineLine;
				PRODUCT_NAME = "$(TARGET_NAME)";
				SKIP_INSTALL = YES;
			};
			name = Release;
		};
		2CAE25381C79EE8D00D268D9 /* Debug */ = {
			isa = XCBuildConfiguration;
			buildSettings = {
				INFOPLIST_FILE = MWFineLineTests/Info.plist;
				LD_RUNPATH_SEARCH_PATHS = "$(inherited) @executable_path/Frameworks @loader_path/Frameworks";
				PRODUCT_BUNDLE_IDENTIFIER = com.mwoollard.MWFineLineTests;
				PRODUCT_NAME = "$(TARGET_NAME)";
			};
			name = Debug;
		};
		2CAE25391C79EE8D00D268D9 /* Release */ = {
			isa = XCBuildConfiguration;
			buildSettings = {
				INFOPLIST_FILE = MWFineLineTests/Info.plist;
				LD_RUNPATH_SEARCH_PATHS = "$(inherited) @executable_path/Frameworks @loader_path/Frameworks";
				PRODUCT_BUNDLE_IDENTIFIER = com.mwoollard.MWFineLineTests;
				PRODUCT_NAME = "$(TARGET_NAME)";
			};
			name = Release;
		};
/* End XCBuildConfiguration section */

/* Begin XCConfigurationList section */
		2CAE251A1C79EE8C00D268D9 /* Build configuration list for PBXProject "MWFineLine" */ = {
			isa = XCConfigurationList;
			buildConfigurations = (
				2CAE25321C79EE8D00D268D9 /* Debug */,
				2CAE25331C79EE8D00D268D9 /* Release */,
			);
			defaultConfigurationIsVisible = 0;
			defaultConfigurationName = Release;
		};
		2CAE25341C79EE8D00D268D9 /* Build configuration list for PBXNativeTarget "MWFineLine" */ = {
			isa = XCConfigurationList;
			buildConfigurations = (
				2CAE25351C79EE8D00D268D9 /* Debug */,
				2CAE25361C79EE8D00D268D9 /* Release */,
			);
			defaultConfigurationIsVisible = 0;
		};
		2CAE25371C79EE8D00D268D9 /* Build configuration list for PBXNativeTarget "MWFineLineTests" */ = {
			isa = XCConfigurationList;
			buildConfigurations = (
				2CAE25381C79EE8D00D268D9 /* Debug */,
				2CAE25391C79EE8D00D268D9 /* Release */,
			);
			defaultConfigurationIsVisible = 0;
		};
/* End XCConfigurationList section */
	};
	rootObject = 2CAE25171C79EE8C00D268D9 /* Project object */;
}
