// !$*UTF8*$!
{
	archiveVersion = 1;
	classes = {
	};
	objectVersion = 46;
	objects = {

/* Begin PBXBuildFile section */
		2CAE25431C79FBDC00D268D9 /* AppDelegate.swift in Sources */ = {isa = PBXBuildFile; fileRef = 2CAE25421C79FBDC00D268D9 /* AppDelegate.swift */; };
		2CAE25451C79FBDC00D268D9 /* ViewController.swift in Sources */ = {isa = PBXBuildFile; fileRef = 2CAE25441C79FBDC00D268D9 /* ViewController.swift */; };
		2CAE25481C79FBDC00D268D9 /* Main.storyboard in Resources */ = {isa = PBXBuildFile; fileRef = 2CAE25461C79FBDC00D268D9 /* Main.storyboard */; };
		2CAE254A1C79FBDC00D268D9 /* Assets.xcassets in Resources */ = {isa = PBXBuildFile; fileRef = 2CAE25491C79FBDC00D268D9 /* Assets.xcassets */; };
		2CAE254D1C79FBDC00D268D9 /* LaunchScreen.storyboard in Resources */ = {isa = PBXBuildFile; fileRef = 2CAE254B1C79FBDC00D268D9 /* LaunchScreen.storyboard */; };
		2CAE25521C79FC0200D268D9 /* MWFineLine.swift in Sources */ = {isa = PBXBuildFile; fileRef = 2CAE253A1C79EE9C00D268D9 /* MWFineLine.swift */; };
		2CAE25561C7A0A3500D268D9 /* .travis.yml in Resources */ = {isa = PBXBuildFile; fileRef = 2CAE25531C7A0A3500D268D9 /* .travis.yml */; };
		2CAE25571C7A0A3500D268D9 /* LICENSE in Resources */ = {isa = PBXBuildFile; fileRef = 2CAE25541C7A0A3500D268D9 /* LICENSE */; };
		2CAE25581C7A0A3500D268D9 /* README.md in Sources */ = {isa = PBXBuildFile; fileRef = 2CAE25551C7A0A3500D268D9 /* README.md */; };
/* End PBXBuildFile section */

/* Begin PBXFileReference section */
		2CAE253A1C79EE9C00D268D9 /* MWFineLine.swift */ = {isa = PBXFileReference; fileEncoding = 4; lastKnownFileType = sourcecode.swift; path = MWFineLine.swift; sourceTree = "<group>"; };
		2CAE25401C79FBDC00D268D9 /* MWFineLineDemo.app */ = {isa = PBXFileReference; explicitFileType = wrapper.application; includeInIndex = 0; path = MWFineLineDemo.app; sourceTree = BUILT_PRODUCTS_DIR; };
		2CAE25421C79FBDC00D268D9 /* AppDelegate.swift */ = {isa = PBXFileReference; lastKnownFileType = sourcecode.swift; path = AppDelegate.swift; sourceTree = "<group>"; };
		2CAE25441C79FBDC00D268D9 /* ViewController.swift */ = {isa = PBXFileReference; lastKnownFileType = sourcecode.swift; path = ViewController.swift; sourceTree = "<group>"; };
		2CAE25471C79FBDC00D268D9 /* Base */ = {isa = PBXFileReference; lastKnownFileType = file.storyboard; name = Base; path = Base.lproj/Main.storyboard; sourceTree = "<group>"; };
		2CAE25491C79FBDC00D268D9 /* Assets.xcassets */ = {isa = PBXFileReference; lastKnownFileType = folder.assetcatalog; path = Assets.xcassets; sourceTree = "<group>"; };
		2CAE254C1C79FBDC00D268D9 /* Base */ = {isa = PBXFileReference; lastKnownFileType = file.storyboard; name = Base; path = Base.lproj/LaunchScreen.storyboard; sourceTree = "<group>"; };
		2CAE254E1C79FBDC00D268D9 /* Info.plist */ = {isa = PBXFileReference; lastKnownFileType = text.plist.xml; path = Info.plist; sourceTree = "<group>"; };
		2CAE25531C7A0A3500D268D9 /* .travis.yml */ = {isa = PBXFileReference; fileEncoding = 4; lastKnownFileType = text; path = .travis.yml; sourceTree = "<group>"; };
		2CAE25541C7A0A3500D268D9 /* LICENSE */ = {isa = PBXFileReference; fileEncoding = 4; lastKnownFileType = text; path = LICENSE; sourceTree = "<group>"; };
		2CAE25551C7A0A3500D268D9 /* README.md */ = {isa = PBXFileReference; fileEncoding = 4; lastKnownFileType = net.daringfireball.markdown; path = README.md; sourceTree = "<group>"; };
/* End PBXFileReference section */

/* Begin PBXFrameworksBuildPhase section */
		2CAE253D1C79FBDC00D268D9 /* Frameworks */ = {
			isa = PBXFrameworksBuildPhase;
			buildActionMask = 2147483647;
			files = (
			);
			runOnlyForDeploymentPostprocessing = 0;
		};
/* End PBXFrameworksBuildPhase section */

/* Begin PBXGroup section */
		2CAE25161C79EE8C00D268D9 = {
			isa = PBXGroup;
			children = (
				2CAE25531C7A0A3500D268D9 /* .travis.yml */,
				2CAE25541C7A0A3500D268D9 /* LICENSE */,
				2CAE25551C7A0A3500D268D9 /* README.md */,
				2CAE25221C79EE8C00D268D9 /* MWFineLine */,
				2CAE25411C79FBDC00D268D9 /* MWFineLineDemo */,
				2CAE25211C79EE8C00D268D9 /* Products */,
			);
			sourceTree = "<group>";
		};
		2CAE25211C79EE8C00D268D9 /* Products */ = {
			isa = PBXGroup;
			children = (
				2CAE25401C79FBDC00D268D9 /* MWFineLineDemo.app */,
			);
			name = Products;
			sourceTree = "<group>";
		};
		2CAE25221C79EE8C00D268D9 /* MWFineLine */ = {
			isa = PBXGroup;
			children = (
				2CAE253A1C79EE9C00D268D9 /* MWFineLine.swift */,
			);
			path = MWFineLine;
			sourceTree = "<group>";
		};
		2CAE25411C79FBDC00D268D9 /* MWFineLineDemo */ = {
			isa = PBXGroup;
			children = (
				2CAE25421C79FBDC00D268D9 /* AppDelegate.swift */,
				2CAE25441C79FBDC00D268D9 /* ViewController.swift */,
				2CAE25461C79FBDC00D268D9 /* Main.storyboard */,
				2CAE25491C79FBDC00D268D9 /* Assets.xcassets */,
				2CAE254B1C79FBDC00D268D9 /* LaunchScreen.storyboard */,
				2CAE254E1C79FBDC00D268D9 /* Info.plist */,
			);
			path = MWFineLineDemo;
			sourceTree = "<group>";
		};
/* End PBXGroup section */

/* Begin PBXNativeTarget section */
		2CAE253F1C79FBDC00D268D9 /* MWFineLineDemo */ = {
			isa = PBXNativeTarget;
			buildConfigurationList = 2CAE254F1C79FBDC00D268D9 /* Build configuration list for PBXNativeTarget "MWFineLineDemo" */;
			buildPhases = (
				2CAE253C1C79FBDC00D268D9 /* Sources */,
				2CAE253D1C79FBDC00D268D9 /* Frameworks */,
				2CAE253E1C79FBDC00D268D9 /* Resources */,
			);
			buildRules = (
			);
			dependencies = (
			);
			name = MWFineLineDemo;
			productName = MWFineLineDemo;
			productReference = 2CAE25401C79FBDC00D268D9 /* MWFineLineDemo.app */;
			productType = "com.apple.product-type.application";
		};
/* End PBXNativeTarget section */

/* Begin PBXProject section */
		2CAE25171C79EE8C00D268D9 /* Project object */ = {
			isa = PBXProject;
			attributes = {
				LastSwiftUpdateCheck = 0720;
				LastUpgradeCheck = 0720;
				ORGANIZATIONNAME = "Mark Woollard";
				TargetAttributes = {
					2CAE253F1C79FBDC00D268D9 = {
						CreatedOnToolsVersion = 7.2;
					};
				};
			};
			buildConfigurationList = 2CAE251A1C79EE8C00D268D9 /* Build configuration list for PBXProject "MWFineLine" */;
			compatibilityVersion = "Xcode 3.2";
			developmentRegion = English;
			hasScannedForEncodings = 0;
			knownRegions = (
				en,
				Base,
			);
			mainGroup = 2CAE25161C79EE8C00D268D9;
			productRefGroup = 2CAE25211C79EE8C00D268D9 /* Products */;
			projectDirPath = "";
			projectRoot = "";
			targets = (
				2CAE253F1C79FBDC00D268D9 /* MWFineLineDemo */,
			);
		};
/* End PBXProject section */

/* Begin PBXResourcesBuildPhase section */
		2CAE253E1C79FBDC00D268D9 /* Resources */ = {
			isa = PBXResourcesBuildPhase;
			buildActionMask = 2147483647;
			files = (
				2CAE254D1C79FBDC00D268D9 /* LaunchScreen.storyboard in Resources */,
				2CAE254A1C79FBDC00D268D9 /* Assets.xcassets in Resources */,
				2CAE25561C7A0A3500D268D9 /* .travis.yml in Resources */,
				2CAE25481C79FBDC00D268D9 /* Main.storyboard in Resources */,
				2CAE25571C7A0A3500D268D9 /* LICENSE in Resources */,
			);
			runOnlyForDeploymentPostprocessing = 0;
		};
/* End PBXResourcesBuildPhase section */

/* Begin PBXSourcesBuildPhase section */
		2CAE253C1C79FBDC00D268D9 /* Sources */ = {
			isa = PBXSourcesBuildPhase;
			buildActionMask = 2147483647;
			files = (
				2CAE25451C79FBDC00D268D9 /* ViewController.swift in Sources */,
				2CAE25431C79FBDC00D268D9 /* AppDelegate.swift in Sources */,
				2CAE25581C7A0A3500D268D9 /* README.md in Sources */,
				2CAE25521C79FC0200D268D9 /* MWFineLine.swift in Sources */,
			);
			runOnlyForDeploymentPostprocessing = 0;
		};
/* End PBXSourcesBuildPhase section */

/* Begin PBXVariantGroup section */
		2CAE25461C79FBDC00D268D9 /* Main.storyboard */ = {
			isa = PBXVariantGroup;
			children = (
				2CAE25471C79FBDC00D268D9 /* Base */,
			);
			name = Main.storyboard;
			sourceTree = "<group>";
		};
		2CAE254B1C79FBDC00D268D9 /* LaunchScreen.storyboard */ = {
			isa = PBXVariantGroup;
			children = (
				2CAE254C1C79FBDC00D268D9 /* Base */,
			);
			name = LaunchScreen.storyboard;
			sourceTree = "<group>";
		};
/* End PBXVariantGroup section */

/* Begin XCBuildConfiguration section */
		2CAE25321C79EE8D00D268D9 /* Debug */ = {
			isa = XCBuildConfiguration;
			buildSettings = {
				ALWAYS_SEARCH_USER_PATHS = NO;
				CLANG_CXX_LANGUAGE_STANDARD = "gnu++0x";
				CLANG_CXX_LIBRARY = "libc++";
				CLANG_ENABLE_MODULES = YES;
				CLANG_ENABLE_OBJC_ARC = YES;
				CLANG_WARN_BOOL_CONVERSION = YES;
				CLANG_WARN_CONSTANT_CONVERSION = YES;
				CLANG_WARN_DIRECT_OBJC_ISA_USAGE = YES_ERROR;
				CLANG_WARN_EMPTY_BODY = YES;
				CLANG_WARN_ENUM_CONVERSION = YES;
				CLANG_WARN_INT_CONVERSION = YES;
				CLANG_WARN_OBJC_ROOT_CLASS = YES_ERROR;
				CLANG_WARN_UNREACHABLE_CODE = YES;
				CLANG_WARN__DUPLICATE_METHOD_MATCH = YES;
				"CODE_SIGN_IDENTITY[sdk=iphoneos*]" = "iPhone Developer";
				COPY_PHASE_STRIP = NO;
				CURRENT_PROJECT_VERSION = 1;
				DEBUG_INFORMATION_FORMAT = dwarf;
				ENABLE_STRICT_OBJC_MSGSEND = YES;
				ENABLE_TESTABILITY = YES;
				GCC_C_LANGUAGE_STANDARD = gnu99;
				GCC_DYNAMIC_NO_PIC = NO;
				GCC_NO_COMMON_BLOCKS = YES;
				GCC_OPTIMIZATION_LEVEL = 0;
				GCC_PREPROCESSOR_DEFINITIONS = (
					"DEBUG=1",
					"$(inherited)",
				);
				GCC_WARN_64_TO_32_BIT_CONVERSION = YES;
				GCC_WARN_ABOUT_RETURN_TYPE = YES_ERROR;
				GCC_WARN_UNDECLARED_SELECTOR = YES;
				GCC_WARN_UNINITIALIZED_AUTOS = YES_AGGRESSIVE;
				GCC_WARN_UNUSED_FUNCTION = YES;
				GCC_WARN_UNUSED_VARIABLE = YES;
				IPHONEOS_DEPLOYMENT_TARGET = 9.2;
				MTL_ENABLE_DEBUG_INFO = YES;
				ONLY_ACTIVE_ARCH = YES;
				SDKROOT = iphoneos;
				SWIFT_OPTIMIZATION_LEVEL = "-Onone";
				TARGETED_DEVICE_FAMILY = "1,2";
				VERSIONING_SYSTEM = "apple-generic";
				VERSION_INFO_PREFIX = "";
			};
			name = Debug;
		};
		2CAE25331C79EE8D00D268D9 /* Release */ = {
			isa = XCBuildConfiguration;
			buildSettings = {
				ALWAYS_SEARCH_USER_PATHS = NO;
				CLANG_CXX_LANGUAGE_STANDARD = "gnu++0x";
				CLANG_CXX_LIBRARY = "libc++";
				CLANG_ENABLE_MODULES = YES;
				CLANG_ENABLE_OBJC_ARC = YES;
				CLANG_WARN_BOOL_CONVERSION = YES;
				CLANG_WARN_CONSTANT_CONVERSION = YES;
				CLANG_WARN_DIRECT_OBJC_ISA_USAGE = YES_ERROR;
				CLANG_WARN_EMPTY_BODY = YES;
				CLANG_WARN_ENUM_CONVERSION = YES;
				CLANG_WARN_INT_CONVERSION = YES;
				CLANG_WARN_OBJC_ROOT_CLASS = YES_ERROR;
				CLANG_WARN_UNREACHABLE_CODE = YES;
				CLANG_WARN__DUPLICATE_METHOD_MATCH = YES;
				"CODE_SIGN_IDENTITY[sdk=iphoneos*]" = "iPhone Developer";
				COPY_PHASE_STRIP = NO;
				CURRENT_PROJECT_VERSION = 1;
				DEBUG_INFORMATION_FORMAT = "dwarf-with-dsym";
				ENABLE_NS_ASSERTIONS = NO;
				ENABLE_STRICT_OBJC_MSGSEND = YES;
				GCC_C_LANGUAGE_STANDARD = gnu99;
				GCC_NO_COMMON_BLOCKS = YES;
				GCC_WARN_64_TO_32_BIT_CONVERSION = YES;
				GCC_WARN_ABOUT_RETURN_TYPE = YES_ERROR;
				GCC_WARN_UNDECLARED_SELECTOR = YES;
				GCC_WARN_UNINITIALIZED_AUTOS = YES_AGGRESSIVE;
				GCC_WARN_UNUSED_FUNCTION = YES;
				GCC_WARN_UNUSED_VARIABLE = YES;
				IPHONEOS_DEPLOYMENT_TARGET = 9.2;
				MTL_ENABLE_DEBUG_INFO = NO;
				SDKROOT = iphoneos;
				TARGETED_DEVICE_FAMILY = "1,2";
				VALIDATE_PRODUCT = YES;
				VERSIONING_SYSTEM = "apple-generic";
				VERSION_INFO_PREFIX = "";
			};
			name = Release;
		};
		2CAE25501C79FBDC00D268D9 /* Debug */ = {
			isa = XCBuildConfiguration;
			buildSettings = {
				ASSETCATALOG_COMPILER_APPICON_NAME = AppIcon;
				INFOPLIST_FILE = MWFineLineDemo/Info.plist;
				LD_RUNPATH_SEARCH_PATHS = "$(inherited) @executable_path/Frameworks";
				PRODUCT_BUNDLE_IDENTIFIER = com.mwoollard.MWFineLineDemo;
				PRODUCT_NAME = "$(TARGET_NAME)";
			};
			name = Debug;
		};
		2CAE25511C79FBDC00D268D9 /* Release */ = {
			isa = XCBuildConfiguration;
			buildSettings = {
				ASSETCATALOG_COMPILER_APPICON_NAME = AppIcon;
				INFOPLIST_FILE = MWFineLineDemo/Info.plist;
				LD_RUNPATH_SEARCH_PATHS = "$(inherited) @executable_path/Frameworks";
				PRODUCT_BUNDLE_IDENTIFIER = com.mwoollard.MWFineLineDemo;
				PRODUCT_NAME = "$(TARGET_NAME)";
			};
			name = Release;
		};
/* End XCBuildConfiguration section */

/* Begin XCConfigurationList section */
		2CAE251A1C79EE8C00D268D9 /* Build configuration list for PBXProject "MWFineLine" */ = {
			isa = XCConfigurationList;
			buildConfigurations = (
				2CAE25321C79EE8D00D268D9 /* Debug */,
				2CAE25331C79EE8D00D268D9 /* Release */,
			);
			defaultConfigurationIsVisible = 0;
			defaultConfigurationName = Release;
		};
		2CAE254F1C79FBDC00D268D9 /* Build configuration list for PBXNativeTarget "MWFineLineDemo" */ = {
			isa = XCConfigurationList;
			buildConfigurations = (
				2CAE25501C79FBDC00D268D9 /* Debug */,
				2CAE25511C79FBDC00D268D9 /* Release */,
			);
			defaultConfigurationIsVisible = 0;
		};
/* End XCConfigurationList section */
	};
	rootObject = 2CAE25171C79EE8C00D268D9 /* Project object */;
}
